
Microsoft Visual Studio Solution File, Format Version 12.00
# Visual Studio Version 17
VisualStudioVersion = 17.14.36121.58
MinimumVisualStudioVersion = 10.0.40219.1
Project("{FAE04EC0-301F-11D3-BF4B-00C04F79EFBC}") = "EasyOrder.Api", "EasyOrder\EasyOrder.Api.csproj", "{9178E9C5-97FC-466A-BD05-C677E24429A0}"
EndProject
Project("{FAE04EC0-301F-11D3-BF4B-00C04F79EFBC}") = "EasyOrder.Application.Commands", "EasyOrder.Application\EasyOrder.Application.Commands.csproj", "{A36B3576-20B5-4A41-A9DA-BAFF395D2CA5}"
EndProject
Project("{FAE04EC0-301F-11D3-BF4B-00C04F79EFBC}") = "EasyOrder.Domain", "EasyOrder.Domain\EasyOrder.Domain.csproj", "{7F2E8D5C-9537-49BF-B89C-1A6BC6D3E7AA}"
EndProject
Project("{FAE04EC0-301F-11D3-BF4B-00C04F79EFBC}") = "EasyOrder.Infrastructure", "EasyOrder.Infrastructure\EasyOrder.Infrastructure.csproj", "{76059157-D90B-42F3-B452-589B11BB42EF}"
EndProject
Project("{2150E333-8FDC-42A3-9474-1A3956D46DE8}") = "src", "src", "{02EA681E-C7D8-13C7-8484-4AC65E1B71E8}"
EndProject
Project("{2150E333-8FDC-42A3-9474-1A3956D46DE8}") = "test", "test", "{D15D52ED-ABE1-4F46-B24C-954CE8082355}"
EndProject
Project("{FAE04EC0-301F-11D3-BF4B-00C04F79EFBC}") = "EasyOrder.Application.Tests", "EasyOrder.Application.Tests\EasyOrder.Application.Tests.csproj", "{FA081070-36F3-4DAF-B83D-AEAF236DAD31}"
EndProject
Project("{FAE04EC0-301F-11D3-BF4B-00C04F79EFBC}") = "EasyOrder.Infrastructure.Tests", "EasyOrder.Infrastructure.Tests\EasyOrder.Infrastructure.Tests.csproj", "{C0ABA309-04B2-4F73-AD77-097E30E0648C}"
EndProject
Project("{FAE04EC0-301F-11D3-BF4B-00C04F79EFBC}") = "EasyOrder.Application.Queries", "EasyOrder.Application.Queries\EasyOrder.Application.Queries.csproj", "{F4193A89-5CEE-40EB-8BF5-1E21530DC3A3}"
EndProject
Global
	GlobalSection(SolutionConfigurationPlatforms) = preSolution
		Debug|Any CPU = Debug|Any CPU
		Release|Any CPU = Release|Any CPU
	EndGlobalSection
	GlobalSection(ProjectConfigurationPlatforms) = postSolution
		{9178E9C5-97FC-466A-BD05-C677E24429A0}.Debug|Any CPU.ActiveCfg = Debug|Any CPU
		{9178E9C5-97FC-466A-BD05-C677E24429A0}.Debug|Any CPU.Build.0 = Debug|Any CPU
		{9178E9C5-97FC-466A-BD05-C677E24429A0}.Release|Any CPU.ActiveCfg = Release|Any CPU
		{9178E9C5-97FC-466A-BD05-C677E24429A0}.Release|Any CPU.Build.0 = Release|Any CPU
		{A36B3576-20B5-4A41-A9DA-BAFF395D2CA5}.Debug|Any CPU.ActiveCfg = Debug|Any CPU
		{A36B3576-20B5-4A41-A9DA-BAFF395D2CA5}.Debug|Any CPU.Build.0 = Debug|Any CPU
		{A36B3576-20B5-4A41-A9DA-BAFF395D2CA5}.Release|Any CPU.ActiveCfg = Release|Any CPU
		{A36B3576-20B5-4A41-A9DA-BAFF395D2CA5}.Release|Any CPU.Build.0 = Release|Any CPU
		{7F2E8D5C-9537-49BF-B89C-1A6BC6D3E7AA}.Debug|Any CPU.ActiveCfg = Debug|Any CPU
		{7F2E8D5C-9537-49BF-B89C-1A6BC6D3E7AA}.Debug|Any CPU.Build.0 = Debug|Any CPU
		{7F2E8D5C-9537-49BF-B89C-1A6BC6D3E7AA}.Release|Any CPU.ActiveCfg = Release|Any CPU
		{7F2E8D5C-9537-49BF-B89C-1A6BC6D3E7AA}.Release|Any CPU.Build.0 = Release|Any CPU
		{76059157-D90B-42F3-B452-589B11BB42EF}.Debug|Any CPU.ActiveCfg = Debug|Any CPU
		{76059157-D90B-42F3-B452-589B11BB42EF}.Debug|Any CPU.Build.0 = Debug|Any CPU
		{76059157-D90B-42F3-B452-589B11BB42EF}.Release|Any CPU.ActiveCfg = Release|Any CPU
		{76059157-D90B-42F3-B452-589B11BB42EF}.Release|Any CPU.Build.0 = Release|Any CPU
		{FA081070-36F3-4DAF-B83D-AEAF236DAD31}.Debug|Any CPU.ActiveCfg = Debug|Any CPU
		{FA081070-36F3-4DAF-B83D-AEAF236DAD31}.Debug|Any CPU.Build.0 = Debug|Any CPU
		{FA081070-36F3-4DAF-B83D-AEAF236DAD31}.Release|Any CPU.ActiveCfg = Release|Any CPU
		{FA081070-36F3-4DAF-B83D-AEAF236DAD31}.Release|Any CPU.Build.0 = Release|Any CPU
		{C0ABA309-04B2-4F73-AD77-097E30E0648C}.Debug|Any CPU.ActiveCfg = Debug|Any CPU
		{C0ABA309-04B2-4F73-AD77-097E30E0648C}.Debug|Any CPU.Build.0 = Debug|Any CPU
		{C0ABA309-04B2-4F73-AD77-097E30E0648C}.Release|Any CPU.ActiveCfg = Release|Any CPU
		{C0ABA309-04B2-4F73-AD77-097E30E0648C}.Release|Any CPU.Build.0 = Release|Any CPU
		{F4193A89-5CEE-40EB-8BF5-1E21530DC3A3}.Debug|Any CPU.ActiveCfg = Debug|Any CPU
		{F4193A89-5CEE-40EB-8BF5-1E21530DC3A3}.Debug|Any CPU.Build.0 = Debug|Any CPU
		{F4193A89-5CEE-40EB-8BF5-1E21530DC3A3}.Release|Any CPU.ActiveCfg = Release|Any CPU
		{F4193A89-5CEE-40EB-8BF5-1E21530DC3A3}.Release|Any CPU.Build.0 = Release|Any CPU
	EndGlobalSection
	GlobalSection(SolutionProperties) = preSolution
		HideSolutionNode = FALSE
	EndGlobalSection
	GlobalSection(NestedProjects) = preSolution
		{9178E9C5-97FC-466A-BD05-C677E24429A0} = {02EA681E-C7D8-13C7-8484-4AC65E1B71E8}
		{A36B3576-20B5-4A41-A9DA-BAFF395D2CA5} = {02EA681E-C7D8-13C7-8484-4AC65E1B71E8}
		{7F2E8D5C-9537-49BF-B89C-1A6BC6D3E7AA} = {02EA681E-C7D8-13C7-8484-4AC65E1B71E8}
		{76059157-D90B-42F3-B452-589B11BB42EF} = {02EA681E-C7D8-13C7-8484-4AC65E1B71E8}
		{FA081070-36F3-4DAF-B83D-AEAF236DAD31} = {D15D52ED-ABE1-4F46-B24C-954CE8082355}
		{C0ABA309-04B2-4F73-AD77-097E30E0648C} = {D15D52ED-ABE1-4F46-B24C-954CE8082355}
		{F4193A89-5CEE-40EB-8BF5-1E21530DC3A3} = {02EA681E-C7D8-13C7-8484-4AC65E1B71E8}
	EndGlobalSection
	GlobalSection(ExtensibilityGlobals) = postSolution
		SolutionGuid = {27E7B310-6EDB-44EC-A3E8-38884DA8DBB3}
	EndGlobalSection
EndGlobal
