
Microsoft Visual Studio Solution File, Format Version 12.00
# Visual Studio Version 17
VisualStudioVersion = 17.14.36121.58
MinimumVisualStudioVersion = 10.0.40219.1
Project("{FAE04EC0-301F-11D3-BF4B-00C04F79EFBC}") = "EasyOrder.Api", "EasyOrder\EasyOrder.Api.csproj", "{9178E9C5-97FC-466A-BD05-C677E24429A0}"
EndProject
Project("{FAE04EC0-301F-11D3-BF4B-00C04F79EFBC}") = "EasyOrder.Application.Commands", "EasyOrder.Application\EasyOrder.Application.Commands.csproj", "{A36B3576-20B5-4A41-A9DA-BAFF395D2CA5}"
EndProject
Project("{FAE04EC0-301F-11D3-BF4B-00C04F79EFBC}") = "EasyOrder.Domain", "EasyOrder.Domain\EasyOrder.Domain.csproj", "{7F2E8D5C-9537-49BF-B89C-1A6BC6D3E7AA}"
EndProject
Project("{FAE04EC0-301F-11D3-BF4B-00C04F79EFBC}") = "EasyOrder.Infrastructure", "EasyOrder.Infrastructure\EasyOrder.Infrastructure.csproj", "{76059157-D90B-42F3-B452-589B11BB42EF}"
EndProject
Project("{2150E333-8FDC-42A3-9474-1A3956D46DE8}") = "OrderTest", "OrderTest", "{D15D52ED-ABE1-4F46-B24C-954CE8082355}"
EndProject
Project("{FAE04EC0-301F-11D3-BF4B-00C04F79EFBC}") = "EasyOrder.Application.Tests", "EasyOrder.Application.Tests\EasyOrder.Application.Tests.csproj", "{FA081070-36F3-4DAF-B83D-AEAF236DAD31}"
EndProject
Project("{FAE04EC0-301F-11D3-BF4B-00C04F79EFBC}") = "EasyOrder.Infrastructure.Tests", "EasyOrder.Infrastructure.Tests\EasyOrder.Infrastructure.Tests.csproj", "{C0ABA309-04B2-4F73-AD77-097E30E0648C}"
EndProject
Project("{FAE04EC0-301F-11D3-BF4B-00C04F79EFBC}") = "EasyOrder.Application.Queries", "EasyOrder.Application.Queries\EasyOrder.Application.Queries.csproj", "{F4193A89-5CEE-40EB-8BF5-1E21530DC3A3}"
EndProject
Project("{FAE04EC0-301F-11D3-BF4B-00C04F79EFBC}") = "EasyOrderAdmin", "EasyOrderAdmin\EasyOrderAdmin.csproj", "{C1FBD970-D65C-4A50-B325-F28FBA7E7AFB}"
EndProject
Project("{FAE04EC0-301F-11D3-BF4B-00C04F79EFBC}") = "EasyOrderAdmin.Application.Commands", "EasyOrderAdmin.Application.Commands\EasyOrderAdmin.Application.Commands.csproj", "{38D00E92-35D6-48C7-9AAC-A91F3374E2EC}"
EndProject
Project("{FAE04EC0-301F-11D3-BF4B-00C04F79EFBC}") = "EasyOrderAdmin.Application.Queries", "EasyOrderAdmin.Application.Queries\EasyOrderAdmin.Application.Queries.csproj", "{BD2BC07F-8BAB-45DF-8EA1-62336730D99B}"
EndProject
Project("{FAE04EC0-301F-11D3-BF4B-00C04F79EFBC}") = "EasyOrderAdmin.Domain", "EasyOrderAdmin.Domain\EasyOrderAdmin.Domain.csproj", "{726E62D2-DCD5-444B-A900-189D581BE557}"
EndProject
Project("{FAE04EC0-301F-11D3-BF4B-00C04F79EFBC}") = "EasyOrderAdmin.Infrastructure", "EasyOrderAdmin.Infrastructure\EasyOrderAdmin.Infrastructure.csproj", "{7A985439-B688-4D16-89BE-895B4CDFD5F9}"
EndProject
Project("{2150E333-8FDC-42A3-9474-1A3956D46DE8}") = "easyorder-microservices", "easyorder-microservices", "{FDF39288-8FF9-4807-A19E-C21036500BCC}"
EndProject
Project("{2150E333-8FDC-42A3-9474-1A3956D46DE8}") = "api-gateway", "api-gateway", "{FA8896E0-29F2-43DA-B544-E606CC95FED9}"
EndProject
Project("{2150E333-8FDC-42A3-9474-1A3956D46DE8}") = "docker", "docker", "{881BD4A2-E275-4A72-BD41-A1EBB55E8367}"
EndProject
Project("{2150E333-8FDC-42A3-9474-1A3956D46DE8}") = "services", "services", "{E9010A5F-39B2-455F-A070-F720772D2E67}"
EndProject
Project("{2150E333-8FDC-42A3-9474-1A3956D46DE8}") = "AdminService", "AdminService", "{2237D60D-AC37-471E-8990-0832E322B58A}"
EndProject
Project("{2150E333-8FDC-42A3-9474-1A3956D46DE8}") = "OrderService", "OrderService", "{561AED26-E509-4DAB-852B-8119F4BDE2C4}"
EndProject
Project("{2150E333-8FDC-42A3-9474-1A3956D46DE8}") = "ProductService", "ProductService", "{68F688B3-DA2E-4A2F-951C-5A6E941DD08D}"
EndProject
Project("{2150E333-8FDC-42A3-9474-1A3956D46DE8}") = "InventoryService", "InventoryService", "{77B98789-26C5-4E66-9EE6-1CA84B15D3BF}"
EndProject
Project("{2150E333-8FDC-42A3-9474-1A3956D46DE8}") = "UserSevice", "UserSevice", "{E737FC4D-BC1D-4BC6-9FA9-CA5E0EC3D904}"
EndProject
Project("{2150E333-8FDC-42A3-9474-1A3956D46DE8}") = "AdminTest", "AdminTest", "{44141F7F-9C80-49F7-A1BC-B99E7994A4C7}"
EndProject
Project("{FAE04EC0-301F-11D3-BF4B-00C04F79EFBC}") = "EasyOrderAdmin.Application.Test", "EasyOrderAdmin.Application.Test\EasyOrderAdmin.Application.Test.csproj", "{BF485B8C-1105-4573-ABD8-7AD7020B5586}"
EndProject
Project("{FAE04EC0-301F-11D3-BF4B-00C04F79EFBC}") = "EasyOrderAdmin.Infrastructure.Test", "EasyOrderAdmin.Infrastructure.Test\EasyOrderAdmin.Infrastructure.Test.csproj", "{9011A249-B14E-43B5-ADA0-6D9CE76EFAFC}"
EndProject
Global
	GlobalSection(SolutionConfigurationPlatforms) = preSolution
		Debug|Any CPU = Debug|Any CPU
		Release|Any CPU = Release|Any CPU
	EndGlobalSection
	GlobalSection(ProjectConfigurationPlatforms) = postSolution
		{9178E9C5-97FC-466A-BD05-C677E24429A0}.Debug|Any CPU.ActiveCfg = Debug|Any CPU
		{9178E9C5-97FC-466A-BD05-C677E24429A0}.Debug|Any CPU.Build.0 = Debug|Any CPU
		{9178E9C5-97FC-466A-BD05-C677E24429A0}.Release|Any CPU.ActiveCfg = Release|Any CPU
		{9178E9C5-97FC-466A-BD05-C677E24429A0}.Release|Any CPU.Build.0 = Release|Any CPU
		{A36B3576-20B5-4A41-A9DA-BAFF395D2CA5}.Debug|Any CPU.ActiveCfg = Debug|Any CPU
		{A36B3576-20B5-4A41-A9DA-BAFF395D2CA5}.Debug|Any CPU.Build.0 = Debug|Any CPU
		{A36B3576-20B5-4A41-A9DA-BAFF395D2CA5}.Release|Any CPU.ActiveCfg = Release|Any CPU
		{A36B3576-20B5-4A41-A9DA-BAFF395D2CA5}.Release|Any CPU.Build.0 = Release|Any CPU
		{7F2E8D5C-9537-49BF-B89C-1A6BC6D3E7AA}.Debug|Any CPU.ActiveCfg = Debug|Any CPU
		{7F2E8D5C-9537-49BF-B89C-1A6BC6D3E7AA}.Debug|Any CPU.Build.0 = Debug|Any CPU
		{7F2E8D5C-9537-49BF-B89C-1A6BC6D3E7AA}.Release|Any CPU.ActiveCfg = Release|Any CPU
		{7F2E8D5C-9537-49BF-B89C-1A6BC6D3E7AA}.Release|Any CPU.Build.0 = Release|Any CPU
		{76059157-D90B-42F3-B452-589B11BB42EF}.Debug|Any CPU.ActiveCfg = Debug|Any CPU
		{76059157-D90B-42F3-B452-589B11BB42EF}.Debug|Any CPU.Build.0 = Debug|Any CPU
		{76059157-D90B-42F3-B452-589B11BB42EF}.Release|Any CPU.ActiveCfg = Release|Any CPU
		{76059157-D90B-42F3-B452-589B11BB42EF}.Release|Any CPU.Build.0 = Release|Any CPU
		{FA081070-36F3-4DAF-B83D-AEAF236DAD31}.Debug|Any CPU.ActiveCfg = Debug|Any CPU
		{FA081070-36F3-4DAF-B83D-AEAF236DAD31}.Debug|Any CPU.Build.0 = Debug|Any CPU
		{FA081070-36F3-4DAF-B83D-AEAF236DAD31}.Release|Any CPU.ActiveCfg = Release|Any CPU
		{FA081070-36F3-4DAF-B83D-AEAF236DAD31}.Release|Any CPU.Build.0 = Release|Any CPU
		{C0ABA309-04B2-4F73-AD77-097E30E0648C}.Debug|Any CPU.ActiveCfg = Debug|Any CPU
		{C0ABA309-04B2-4F73-AD77-097E30E0648C}.Debug|Any CPU.Build.0 = Debug|Any CPU
		{C0ABA309-04B2-4F73-AD77-097E30E0648C}.Release|Any CPU.ActiveCfg = Release|Any CPU
		{C0ABA309-04B2-4F73-AD77-097E30E0648C}.Release|Any CPU.Build.0 = Release|Any CPU
		{F4193A89-5CEE-40EB-8BF5-1E21530DC3A3}.Debug|Any CPU.ActiveCfg = Debug|Any CPU
		{F4193A89-5CEE-40EB-8BF5-1E21530DC3A3}.Debug|Any CPU.Build.0 = Debug|Any CPU
		{F4193A89-5CEE-40EB-8BF5-1E21530DC3A3}.Release|Any CPU.ActiveCfg = Release|Any CPU
		{F4193A89-5CEE-40EB-8BF5-1E21530DC3A3}.Release|Any CPU.Build.0 = Release|Any CPU
		{C1FBD970-D65C-4A50-B325-F28FBA7E7AFB}.Debug|Any CPU.ActiveCfg = Debug|Any CPU
		{C1FBD970-D65C-4A50-B325-F28FBA7E7AFB}.Debug|Any CPU.Build.0 = Debug|Any CPU
		{C1FBD970-D65C-4A50-B325-F28FBA7E7AFB}.Release|Any CPU.ActiveCfg = Release|Any CPU
		{C1FBD970-D65C-4A50-B325-F28FBA7E7AFB}.Release|Any CPU.Build.0 = Release|Any CPU
		{38D00E92-35D6-48C7-9AAC-A91F3374E2EC}.Debug|Any CPU.ActiveCfg = Debug|Any CPU
		{38D00E92-35D6-48C7-9AAC-A91F3374E2EC}.Debug|Any CPU.Build.0 = Debug|Any CPU
		{38D00E92-35D6-48C7-9AAC-A91F3374E2EC}.Release|Any CPU.ActiveCfg = Release|Any CPU
		{38D00E92-35D6-48C7-9AAC-A91F3374E2EC}.Release|Any CPU.Build.0 = Release|Any CPU
		{BD2BC07F-8BAB-45DF-8EA1-62336730D99B}.Debug|Any CPU.ActiveCfg = Debug|Any CPU
		{BD2BC07F-8BAB-45DF-8EA1-62336730D99B}.Debug|Any CPU.Build.0 = Debug|Any CPU
		{BD2BC07F-8BAB-45DF-8EA1-62336730D99B}.Release|Any CPU.ActiveCfg = Release|Any CPU
		{BD2BC07F-8BAB-45DF-8EA1-62336730D99B}.Release|Any CPU.Build.0 = Release|Any CPU
		{726E62D2-DCD5-444B-A900-189D581BE557}.Debug|Any CPU.ActiveCfg = Debug|Any CPU
		{726E62D2-DCD5-444B-A900-189D581BE557}.Debug|Any CPU.Build.0 = Debug|Any CPU
		{726E62D2-DCD5-444B-A900-189D581BE557}.Release|Any CPU.ActiveCfg = Release|Any CPU
		{726E62D2-DCD5-444B-A900-189D581BE557}.Release|Any CPU.Build.0 = Release|Any CPU
		{7A985439-B688-4D16-89BE-895B4CDFD5F9}.Debug|Any CPU.ActiveCfg = Debug|Any CPU
		{7A985439-B688-4D16-89BE-895B4CDFD5F9}.Debug|Any CPU.Build.0 = Debug|Any CPU
		{7A985439-B688-4D16-89BE-895B4CDFD5F9}.Release|Any CPU.ActiveCfg = Release|Any CPU
		{7A985439-B688-4D16-89BE-895B4CDFD5F9}.Release|Any CPU.Build.0 = Release|Any CPU
		{BF485B8C-1105-4573-ABD8-7AD7020B5586}.Debug|Any CPU.ActiveCfg = Debug|Any CPU
		{BF485B8C-1105-4573-ABD8-7AD7020B5586}.Debug|Any CPU.Build.0 = Debug|Any CPU
		{BF485B8C-1105-4573-ABD8-7AD7020B5586}.Release|Any CPU.ActiveCfg = Release|Any CPU
		{BF485B8C-1105-4573-ABD8-7AD7020B5586}.Release|Any CPU.Build.0 = Release|Any CPU
		{9011A249-B14E-43B5-ADA0-6D9CE76EFAFC}.Debug|Any CPU.ActiveCfg = Debug|Any CPU
		{9011A249-B14E-43B5-ADA0-6D9CE76EFAFC}.Debug|Any CPU.Build.0 = Debug|Any CPU
		{9011A249-B14E-43B5-ADA0-6D9CE76EFAFC}.Release|Any CPU.ActiveCfg = Release|Any CPU
		{9011A249-B14E-43B5-ADA0-6D9CE76EFAFC}.Release|Any CPU.Build.0 = Release|Any CPU
	EndGlobalSection
	GlobalSection(SolutionProperties) = preSolution
		HideSolutionNode = FALSE
	EndGlobalSection
	GlobalSection(NestedProjects) = preSolution
		{9178E9C5-97FC-466A-BD05-C677E24429A0} = {561AED26-E509-4DAB-852B-8119F4BDE2C4}
		{A36B3576-20B5-4A41-A9DA-BAFF395D2CA5} = {561AED26-E509-4DAB-852B-8119F4BDE2C4}
		{7F2E8D5C-9537-49BF-B89C-1A6BC6D3E7AA} = {561AED26-E509-4DAB-852B-8119F4BDE2C4}
		{76059157-D90B-42F3-B452-589B11BB42EF} = {561AED26-E509-4DAB-852B-8119F4BDE2C4}
		{D15D52ED-ABE1-4F46-B24C-954CE8082355} = {561AED26-E509-4DAB-852B-8119F4BDE2C4}
		{FA081070-36F3-4DAF-B83D-AEAF236DAD31} = {D15D52ED-ABE1-4F46-B24C-954CE8082355}
		{C0ABA309-04B2-4F73-AD77-097E30E0648C} = {D15D52ED-ABE1-4F46-B24C-954CE8082355}
		{F4193A89-5CEE-40EB-8BF5-1E21530DC3A3} = {561AED26-E509-4DAB-852B-8119F4BDE2C4}
		{C1FBD970-D65C-4A50-B325-F28FBA7E7AFB} = {2237D60D-AC37-471E-8990-0832E322B58A}
		{38D00E92-35D6-48C7-9AAC-A91F3374E2EC} = {2237D60D-AC37-471E-8990-0832E322B58A}
		{BD2BC07F-8BAB-45DF-8EA1-62336730D99B} = {2237D60D-AC37-471E-8990-0832E322B58A}
		{726E62D2-DCD5-444B-A900-189D581BE557} = {2237D60D-AC37-471E-8990-0832E322B58A}
		{7A985439-B688-4D16-89BE-895B4CDFD5F9} = {2237D60D-AC37-471E-8990-0832E322B58A}
		{2237D60D-AC37-471E-8990-0832E322B58A} = {E9010A5F-39B2-455F-A070-F720772D2E67}
		{561AED26-E509-4DAB-852B-8119F4BDE2C4} = {E9010A5F-39B2-455F-A070-F720772D2E67}
		{68F688B3-DA2E-4A2F-951C-5A6E941DD08D} = {E9010A5F-39B2-455F-A070-F720772D2E67}
		{77B98789-26C5-4E66-9EE6-1CA84B15D3BF} = {E9010A5F-39B2-455F-A070-F720772D2E67}
		{E737FC4D-BC1D-4BC6-9FA9-CA5E0EC3D904} = {E9010A5F-39B2-455F-A070-F720772D2E67}
		{44141F7F-9C80-49F7-A1BC-B99E7994A4C7} = {2237D60D-AC37-471E-8990-0832E322B58A}
		{BF485B8C-1105-4573-ABD8-7AD7020B5586} = {44141F7F-9C80-49F7-A1BC-B99E7994A4C7}
		{9011A249-B14E-43B5-ADA0-6D9CE76EFAFC} = {44141F7F-9C80-49F7-A1BC-B99E7994A4C7}
	EndGlobalSection
	GlobalSection(ExtensibilityGlobals) = postSolution
		SolutionGuid = {27E7B310-6EDB-44EC-A3E8-38884DA8DBB3}
	EndGlobalSection
EndGlobal
