
Microsoft Visual Studio Solution File, Format Version 12.00
# Visual Studio Version 17
VisualStudioVersion = 17.14.36121.58
MinimumVisualStudioVersion = 10.0.40219.1
Project("{FAE04EC0-301F-11D3-BF4B-00C04F79EFBC}") = "EasyOrder.Api", "EasyOrder\EasyOrder.Api.csproj", "{9178E9C5-97FC-466A-BD05-C677E24429A0}"
EndProject
Project("{FAE04EC0-301F-11D3-BF4B-00C04F79EFBC}") = "EasyOrder.Application", "EasyOrder.Application\EasyOrder.Application.csproj", "{A36B3576-20B5-4A41-A9DA-BAFF395D2CA5}"
EndProject
Project("{FAE04EC0-301F-11D3-BF4B-00C04F79EFBC}") = "EasyOrder.Domain", "EasyOrder.Domain\EasyOrder.Domain.csproj", "{7F2E8D5C-9537-49BF-B89C-1A6BC6D3E7AA}"
EndProject
Project("{FAE04EC0-301F-11D3-BF4B-00C04F79EFBC}") = "EasyOrder.Infrastructure", "EasyOrder.Infrastructure\EasyOrder.Infrastructure.csproj", "{76059157-D90B-42F3-B452-589B11BB42EF}"
EndProject
Global
	GlobalSection(SolutionConfigurationPlatforms) = preSolution
		Debug|Any CPU = Debug|Any CPU
		Release|Any CPU = Release|Any CPU
	EndGlobalSection
	GlobalSection(ProjectConfigurationPlatforms) = postSolution
		{9178E9C5-97FC-466A-BD05-C677E24429A0}.Debug|Any CPU.ActiveCfg = Debug|Any CPU
		{9178E9C5-97FC-466A-BD05-C677E24429A0}.Debug|Any CPU.Build.0 = Debug|Any CPU
		{9178E9C5-97FC-466A-BD05-C677E24429A0}.Release|Any CPU.ActiveCfg = Release|Any CPU
		{9178E9C5-97FC-466A-BD05-C677E24429A0}.Release|Any CPU.Build.0 = Release|Any CPU
		{A36B3576-20B5-4A41-A9DA-BAFF395D2CA5}.Debug|Any CPU.ActiveCfg = Debug|Any CPU
		{A36B3576-20B5-4A41-A9DA-BAFF395D2CA5}.Debug|Any CPU.Build.0 = Debug|Any CPU
		{A36B3576-20B5-4A41-A9DA-BAFF395D2CA5}.Release|Any CPU.ActiveCfg = Release|Any CPU
		{A36B3576-20B5-4A41-A9DA-BAFF395D2CA5}.Release|Any CPU.Build.0 = Release|Any CPU
		{7F2E8D5C-9537-49BF-B89C-1A6BC6D3E7AA}.Debug|Any CPU.ActiveCfg = Debug|Any CPU
		{7F2E8D5C-9537-49BF-B89C-1A6BC6D3E7AA}.Debug|Any CPU.Build.0 = Debug|Any CPU
		{7F2E8D5C-9537-49BF-B89C-1A6BC6D3E7AA}.Release|Any CPU.ActiveCfg = Release|Any CPU
		{7F2E8D5C-9537-49BF-B89C-1A6BC6D3E7AA}.Release|Any CPU.Build.0 = Release|Any CPU
		{76059157-D90B-42F3-B452-589B11BB42EF}.Debug|Any CPU.ActiveCfg = Debug|Any CPU
		{76059157-D90B-42F3-B452-589B11BB42EF}.Debug|Any CPU.Build.0 = Debug|Any CPU
		{76059157-D90B-42F3-B452-589B11BB42EF}.Release|Any CPU.ActiveCfg = Release|Any CPU
		{76059157-D90B-42F3-B452-589B11BB42EF}.Release|Any CPU.Build.0 = Release|Any CPU
	EndGlobalSection
	GlobalSection(SolutionProperties) = preSolution
		HideSolutionNode = FALSE
	EndGlobalSection
	GlobalSection(ExtensibilityGlobals) = postSolution
		SolutionGuid = {27E7B310-6EDB-44EC-A3E8-38884DA8DBB3}
	EndGlobalSection
EndGlobal
