
Microsoft Visual Studio Solution File, Format Version 12.00
# Visual Studio Version 17
VisualStudioVersion = 17.14.36121.58
MinimumVisualStudioVersion = 10.0.40219.1
Project("{FAE04EC0-301F-11D3-BF4B-00C04F79EFBC}") = "EasyOrder.Api", "EasyOrderTask\EasyOrder.Api.csproj", "{A2515B78-5C72-4D67-ABA3-36D8C1E03F15}"
EndProject
Project("{2150E333-8FDC-42A3-9474-1A3956D46DE8}") = "easyorder-microservices", "easyorder-microservices", "{02EA681E-C7D8-13C7-8484-4AC65E1B71E8}"
EndProject
Project("{2150E333-8FDC-42A3-9474-1A3956D46DE8}") = "services", "services", "{3ADA4863-6BEF-4C34-8A53-99CA2508C755}"
EndProject
Project("{2150E333-8FDC-42A3-9474-1A3956D46DE8}") = "InventoryService", "InventoryService", "{EC2A8B29-DC64-4A3E-97F9-3964210FCD15}"
EndProject
Project("{2150E333-8FDC-42A3-9474-1A3956D46DE8}") = "OrderService", "OrderService", "{945C9443-30FA-4E3F-811A-BB2566EAC2E0}"
EndProject
Project("{FAE04EC0-301F-11D3-BF4B-00C04F79EFBC}") = "EasyOrderProduct.Api", "Services\ProductService\EasyOrderAdmin.Api\EasyOrderProduct.Api.csproj", "{3A193D10-0870-4E73-957C-A9B1F666A331}"
EndProject
Project("{2150E333-8FDC-42A3-9474-1A3956D46DE8}") = "docker", "docker", "{9E834A5B-32CA-4A74-81AE-F95722D2BE3C}"
EndProject
Project("{2150E333-8FDC-42A3-9474-1A3956D46DE8}") = "api-gateway", "api-gateway", "{0ED5BB30-98EF-4B7D-904A-8FECBFDF95B9}"
EndProject
Project("{2150E333-8FDC-42A3-9474-1A3956D46DE8}") = "UserService", "UserService", "{9B2A3D90-5D99-444A-B89D-E9782A1B6F64}"
EndProject
Project("{2150E333-8FDC-42A3-9474-1A3956D46DE8}") = "ProductService", "ProductService", "{ADAF8845-605E-4F28-BC7D-BFA5EB1211CD}"
EndProject
Project("{FAE04EC0-301F-11D3-BF4B-00C04F79EFBC}") = "EasyOrderProduct.Application.Command", "Services\ProductService\EasyOrderAdmin.Application.Commands\EasyOrderProduct.Application.Command.csproj", "{5286E203-911F-4786-8EB2-80F72017F326}"
EndProject
Project("{FAE04EC0-301F-11D3-BF4B-00C04F79EFBC}") = "EasyOrderProduct.Application.Queries", "Services\ProductService\EasyOrderAdmin.Application.Queries\EasyOrderProduct.Application.Queries.csproj", "{C90139C3-F6D5-4C09-ACE9-0E6CD89AB3E7}"
EndProject
Project("{FAE04EC0-301F-11D3-BF4B-00C04F79EFBC}") = "EasyOrderProduct.Domain", "Services\ProductService\EasyOrderAdmin.Domain\EasyOrderProduct.Domain.csproj", "{A2846911-5D4C-4B94-AC04-AED92073DAE3}"
EndProject
Project("{FAE04EC0-301F-11D3-BF4B-00C04F79EFBC}") = "EasyOrderProduct.Infrastructure", "Services\ProductService\EasyOrderAdmin.Infrastructure\EasyOrderProduct.Infrastructure.csproj", "{FD2F210D-A871-4501-96AC-DF382CB79E9F}"
EndProject
Project("{2150E333-8FDC-42A3-9474-1A3956D46DE8}") = "tests", "tests", "{6DF8ECA7-4E27-466D-B526-F600F392C80C}"
EndProject
Project("{FAE04EC0-301F-11D3-BF4B-00C04F79EFBC}") = "EasyOrder.AdminService.UnitTests", "Services\ProductService\EasyOrder.AdminService.UnitTests\EasyOrder.AdminService.UnitTests.csproj", "{5C763CB2-1015-44E2-91BB-48A44BCC5F70}"
EndProject
Project("{FAE04EC0-301F-11D3-BF4B-00C04F79EFBC}") = "EasyOrder.AdminService.IntegrationTests", "Services\ProductService\EasyOrder.AdminService.IntegrationTests\EasyOrder.AdminService.IntegrationTests.csproj", "{6E8E0917-4EC2-46F1-828E-87135B109C12}"
EndProject
Project("{FAE04EC0-301F-11D3-BF4B-00C04F79EFBC}") = "EasyOrder.Application.Command", "EasyOrder.Application.Command\EasyOrder.Application.Command.csproj", "{0907962C-D0C2-47B3-BCE5-281F4FEDF7F1}"
EndProject
Project("{FAE04EC0-301F-11D3-BF4B-00C04F79EFBC}") = "EasyOrder.Application.Queries", "EasyOrder.Application.Queries\EasyOrder.Application.Queries.csproj", "{DD5ACFED-AE58-47A9-9302-3EC22569ABFE}"
EndProject
Project("{FAE04EC0-301F-11D3-BF4B-00C04F79EFBC}") = "EasyOrder.Domain", "EasyOrder.Domain\EasyOrder.Domain.csproj", "{52179B8C-CA5E-432F-AC47-D0355EA9B48F}"
EndProject
Project("{FAE04EC0-301F-11D3-BF4B-00C04F79EFBC}") = "EasyOrder.Infrastructure", "EasyOrder.Infrastructure\EasyOrder.Infrastructure.csproj", "{AB7078BD-B4CF-4C0D-8717-9DAA1997FD8F}"
EndProject
Project("{FAE04EC0-301F-11D3-BF4B-00C04F79EFBC}") = "EasyOrder.Application.Contracts", "EasyOrder.Application.Contracts\EasyOrder.Application.Contracts.csproj", "{537DB86A-6620-4156-BE14-3ACC1582E5CB}"
EndProject
Global
	GlobalSection(SolutionConfigurationPlatforms) = preSolution
		Debug|Any CPU = Debug|Any CPU
		Release|Any CPU = Release|Any CPU
	EndGlobalSection
	GlobalSection(ProjectConfigurationPlatforms) = postSolution
		{A2515B78-5C72-4D67-ABA3-36D8C1E03F15}.Debug|Any CPU.ActiveCfg = Debug|Any CPU
		{A2515B78-5C72-4D67-ABA3-36D8C1E03F15}.Debug|Any CPU.Build.0 = Debug|Any CPU
		{A2515B78-5C72-4D67-ABA3-36D8C1E03F15}.Release|Any CPU.ActiveCfg = Release|Any CPU
		{A2515B78-5C72-4D67-ABA3-36D8C1E03F15}.Release|Any CPU.Build.0 = Release|Any CPU
		{3A193D10-0870-4E73-957C-A9B1F666A331}.Debug|Any CPU.ActiveCfg = Debug|Any CPU
		{3A193D10-0870-4E73-957C-A9B1F666A331}.Debug|Any CPU.Build.0 = Debug|Any CPU
		{3A193D10-0870-4E73-957C-A9B1F666A331}.Release|Any CPU.ActiveCfg = Release|Any CPU
		{3A193D10-0870-4E73-957C-A9B1F666A331}.Release|Any CPU.Build.0 = Release|Any CPU
		{5286E203-911F-4786-8EB2-80F72017F326}.Debug|Any CPU.ActiveCfg = Debug|Any CPU
		{5286E203-911F-4786-8EB2-80F72017F326}.Debug|Any CPU.Build.0 = Debug|Any CPU
		{5286E203-911F-4786-8EB2-80F72017F326}.Release|Any CPU.ActiveCfg = Release|Any CPU
		{5286E203-911F-4786-8EB2-80F72017F326}.Release|Any CPU.Build.0 = Release|Any CPU
		{C90139C3-F6D5-4C09-ACE9-0E6CD89AB3E7}.Debug|Any CPU.ActiveCfg = Debug|Any CPU
		{C90139C3-F6D5-4C09-ACE9-0E6CD89AB3E7}.Debug|Any CPU.Build.0 = Debug|Any CPU
		{C90139C3-F6D5-4C09-ACE9-0E6CD89AB3E7}.Release|Any CPU.ActiveCfg = Release|Any CPU
		{C90139C3-F6D5-4C09-ACE9-0E6CD89AB3E7}.Release|Any CPU.Build.0 = Release|Any CPU
		{A2846911-5D4C-4B94-AC04-AED92073DAE3}.Debug|Any CPU.ActiveCfg = Debug|Any CPU
		{A2846911-5D4C-4B94-AC04-AED92073DAE3}.Debug|Any CPU.Build.0 = Debug|Any CPU
		{A2846911-5D4C-4B94-AC04-AED92073DAE3}.Release|Any CPU.ActiveCfg = Release|Any CPU
		{A2846911-5D4C-4B94-AC04-AED92073DAE3}.Release|Any CPU.Build.0 = Release|Any CPU
		{FD2F210D-A871-4501-96AC-DF382CB79E9F}.Debug|Any CPU.ActiveCfg = Debug|Any CPU
		{FD2F210D-A871-4501-96AC-DF382CB79E9F}.Debug|Any CPU.Build.0 = Debug|Any CPU
		{FD2F210D-A871-4501-96AC-DF382CB79E9F}.Release|Any CPU.ActiveCfg = Release|Any CPU
		{FD2F210D-A871-4501-96AC-DF382CB79E9F}.Release|Any CPU.Build.0 = Release|Any CPU
		{5C763CB2-1015-44E2-91BB-48A44BCC5F70}.Debug|Any CPU.ActiveCfg = Debug|Any CPU
		{5C763CB2-1015-44E2-91BB-48A44BCC5F70}.Debug|Any CPU.Build.0 = Debug|Any CPU
		{5C763CB2-1015-44E2-91BB-48A44BCC5F70}.Release|Any CPU.ActiveCfg = Release|Any CPU
		{5C763CB2-1015-44E2-91BB-48A44BCC5F70}.Release|Any CPU.Build.0 = Release|Any CPU
		{6E8E0917-4EC2-46F1-828E-87135B109C12}.Debug|Any CPU.ActiveCfg = Debug|Any CPU
		{6E8E0917-4EC2-46F1-828E-87135B109C12}.Debug|Any CPU.Build.0 = Debug|Any CPU
		{6E8E0917-4EC2-46F1-828E-87135B109C12}.Release|Any CPU.ActiveCfg = Release|Any CPU
		{6E8E0917-4EC2-46F1-828E-87135B109C12}.Release|Any CPU.Build.0 = Release|Any CPU
		{0907962C-D0C2-47B3-BCE5-281F4FEDF7F1}.Debug|Any CPU.ActiveCfg = Debug|Any CPU
		{0907962C-D0C2-47B3-BCE5-281F4FEDF7F1}.Debug|Any CPU.Build.0 = Debug|Any CPU
		{0907962C-D0C2-47B3-BCE5-281F4FEDF7F1}.Release|Any CPU.ActiveCfg = Release|Any CPU
		{0907962C-D0C2-47B3-BCE5-281F4FEDF7F1}.Release|Any CPU.Build.0 = Release|Any CPU
		{DD5ACFED-AE58-47A9-9302-3EC22569ABFE}.Debug|Any CPU.ActiveCfg = Debug|Any CPU
		{DD5ACFED-AE58-47A9-9302-3EC22569ABFE}.Debug|Any CPU.Build.0 = Debug|Any CPU
		{DD5ACFED-AE58-47A9-9302-3EC22569ABFE}.Release|Any CPU.ActiveCfg = Release|Any CPU
		{DD5ACFED-AE58-47A9-9302-3EC22569ABFE}.Release|Any CPU.Build.0 = Release|Any CPU
		{52179B8C-CA5E-432F-AC47-D0355EA9B48F}.Debug|Any CPU.ActiveCfg = Debug|Any CPU
		{52179B8C-CA5E-432F-AC47-D0355EA9B48F}.Debug|Any CPU.Build.0 = Debug|Any CPU
		{52179B8C-CA5E-432F-AC47-D0355EA9B48F}.Release|Any CPU.ActiveCfg = Release|Any CPU
		{52179B8C-CA5E-432F-AC47-D0355EA9B48F}.Release|Any CPU.Build.0 = Release|Any CPU
		{AB7078BD-B4CF-4C0D-8717-9DAA1997FD8F}.Debug|Any CPU.ActiveCfg = Debug|Any CPU
		{AB7078BD-B4CF-4C0D-8717-9DAA1997FD8F}.Debug|Any CPU.Build.0 = Debug|Any CPU
		{AB7078BD-B4CF-4C0D-8717-9DAA1997FD8F}.Release|Any CPU.ActiveCfg = Release|Any CPU
		{AB7078BD-B4CF-4C0D-8717-9DAA1997FD8F}.Release|Any CPU.Build.0 = Release|Any CPU
		{537DB86A-6620-4156-BE14-3ACC1582E5CB}.Debug|Any CPU.ActiveCfg = Debug|Any CPU
		{537DB86A-6620-4156-BE14-3ACC1582E5CB}.Debug|Any CPU.Build.0 = Debug|Any CPU
		{537DB86A-6620-4156-BE14-3ACC1582E5CB}.Release|Any CPU.ActiveCfg = Release|Any CPU
		{537DB86A-6620-4156-BE14-3ACC1582E5CB}.Release|Any CPU.Build.0 = Release|Any CPU
	EndGlobalSection
	GlobalSection(SolutionProperties) = preSolution
		HideSolutionNode = FALSE
	EndGlobalSection
	GlobalSection(NestedProjects) = preSolution
		{A2515B78-5C72-4D67-ABA3-36D8C1E03F15} = {945C9443-30FA-4E3F-811A-BB2566EAC2E0}
		{3ADA4863-6BEF-4C34-8A53-99CA2508C755} = {02EA681E-C7D8-13C7-8484-4AC65E1B71E8}
		{EC2A8B29-DC64-4A3E-97F9-3964210FCD15} = {3ADA4863-6BEF-4C34-8A53-99CA2508C755}
		{945C9443-30FA-4E3F-811A-BB2566EAC2E0} = {3ADA4863-6BEF-4C34-8A53-99CA2508C755}
		{3A193D10-0870-4E73-957C-A9B1F666A331} = {ADAF8845-605E-4F28-BC7D-BFA5EB1211CD}
		{9E834A5B-32CA-4A74-81AE-F95722D2BE3C} = {02EA681E-C7D8-13C7-8484-4AC65E1B71E8}
		{0ED5BB30-98EF-4B7D-904A-8FECBFDF95B9} = {02EA681E-C7D8-13C7-8484-4AC65E1B71E8}
		{9B2A3D90-5D99-444A-B89D-E9782A1B6F64} = {3ADA4863-6BEF-4C34-8A53-99CA2508C755}
		{ADAF8845-605E-4F28-BC7D-BFA5EB1211CD} = {3ADA4863-6BEF-4C34-8A53-99CA2508C755}
		{5286E203-911F-4786-8EB2-80F72017F326} = {ADAF8845-605E-4F28-BC7D-BFA5EB1211CD}
		{C90139C3-F6D5-4C09-ACE9-0E6CD89AB3E7} = {ADAF8845-605E-4F28-BC7D-BFA5EB1211CD}
		{A2846911-5D4C-4B94-AC04-AED92073DAE3} = {ADAF8845-605E-4F28-BC7D-BFA5EB1211CD}
		{FD2F210D-A871-4501-96AC-DF382CB79E9F} = {ADAF8845-605E-4F28-BC7D-BFA5EB1211CD}
		{6DF8ECA7-4E27-466D-B526-F600F392C80C} = {ADAF8845-605E-4F28-BC7D-BFA5EB1211CD}
		{5C763CB2-1015-44E2-91BB-48A44BCC5F70} = {6DF8ECA7-4E27-466D-B526-F600F392C80C}
		{6E8E0917-4EC2-46F1-828E-87135B109C12} = {6DF8ECA7-4E27-466D-B526-F600F392C80C}
		{0907962C-D0C2-47B3-BCE5-281F4FEDF7F1} = {945C9443-30FA-4E3F-811A-BB2566EAC2E0}
		{DD5ACFED-AE58-47A9-9302-3EC22569ABFE} = {945C9443-30FA-4E3F-811A-BB2566EAC2E0}
		{52179B8C-CA5E-432F-AC47-D0355EA9B48F} = {945C9443-30FA-4E3F-811A-BB2566EAC2E0}
		{AB7078BD-B4CF-4C0D-8717-9DAA1997FD8F} = {945C9443-30FA-4E3F-811A-BB2566EAC2E0}
		{537DB86A-6620-4156-BE14-3ACC1582E5CB} = {945C9443-30FA-4E3F-811A-BB2566EAC2E0}
	EndGlobalSection
	GlobalSection(ExtensibilityGlobals) = postSolution
		SolutionGuid = {0946FF11-A082-4C6A-BF42-EB45DEF7DD43}
	EndGlobalSection
EndGlobal
